<?xml version="1.0" encoding="utf-8"?>
<Project ToolsVersion="4.0" xmlns="http://schemas.microsoft.com/developer/msbuild/2003">
  <ItemGroup>
    <Filter Include="98. Default">
      <UniqueIdentifier>{7c8c82f5-e019-486a-9955-5ffdd8e77359}</UniqueIdentifier>
    </Filter>
    <Filter Include="99. Header">
      <UniqueIdentifier>{1bb8da29-1f63-4a15-92ff-e930b97eec70}</UniqueIdentifier>
    </Filter>
    <Filter Include="01. Solved">
      <UniqueIdentifier>{68736eb8-b5a2-4021-a526-e0ea03e6f577}</UniqueIdentifier>
    </Filter>
    <Filter Include="01. Solved\1000">
      <UniqueIdentifier>{b807f30e-6357-46a2-a3ac-37235ded1578}</UniqueIdentifier>
    </Filter>
    <Filter Include="01. Solved\2000">
      <UniqueIdentifier>{5e5eabee-916d-4255-827b-193c3ab170b1}</UniqueIdentifier>
    </Filter>
    <Filter Include="01. Solved\7000">
      <UniqueIdentifier>{4d249526-8a58-466f-8a69-55e7b541bc7f}</UniqueIdentifier>
    </Filter>
    <Filter Include="01. Solved\17000">
      <UniqueIdentifier>{086287c2-8e70-4b1c-bc17-68a94209334d}</UniqueIdentifier>
    </Filter>
    <Filter Include="01. Solved\25000">
      <UniqueIdentifier>{ff11e1a9-75fe-4b0c-918b-704c185c2ef0}</UniqueIdentifier>
    </Filter>
    <Filter Include="01. Solved\10000">
      <UniqueIdentifier>{04c60357-54b3-4917-8d08-24b999cb5d73}</UniqueIdentifier>
    </Filter>
    <Filter Include="01. Solved\9000">
      <UniqueIdentifier>{48599d37-704e-4beb-8f76-2d101899202b}</UniqueIdentifier>
    </Filter>
    <Filter Include="01. Solved\4000">
      <UniqueIdentifier>{8fb29f5d-564a-4dc0-af2a-8685492acb2b}</UniqueIdentifier>
    </Filter>
    <Filter Include="01. Solved\18000">
      <UniqueIdentifier>{d9216fcd-c74d-4b95-8cfa-3dd73d9d79c6}</UniqueIdentifier>
    </Filter>
    <Filter Include="01. Solved\11000">
      <UniqueIdentifier>{46e1aeaa-de03-4022-b03e-b3de9935b0ba}</UniqueIdentifier>
    </Filter>
    <Filter Include="01. Solved\14000">
      <UniqueIdentifier>{b6cf2464-1345-4088-88c4-a86528260697}</UniqueIdentifier>
    </Filter>
    <Filter Include="01. Solved\13000">
      <UniqueIdentifier>{2dbdf4d6-0efc-44e8-b2ed-55f97b050230}</UniqueIdentifier>
    </Filter>
    <Filter Include="01. Solved\5000">
      <UniqueIdentifier>{8a6d2961-b045-4ce0-8d98-bbd01fe45dc9}</UniqueIdentifier>
    </Filter>
  </ItemGroup>
  <ItemGroup>
    <ClCompile Include="Baekjoon.cpp">
      <Filter>98. Default</Filter>
    </ClCompile>
    <ClCompile Include="..\Private\Problem_1009.cpp">
      <Filter>01. Solved\1000</Filter>
    </ClCompile>
    <ClCompile Include="..\Private\Problem_1094.cpp">
      <Filter>01. Solved\1000</Filter>
    </ClCompile>
    <ClCompile Include="..\Private\Problem_1236.cpp">
      <Filter>01. Solved\1000</Filter>
    </ClCompile>
    <ClCompile Include="..\Private\Problem_1251.cpp">
      <Filter>01. Solved\1000</Filter>
    </ClCompile>
    <ClCompile Include="..\Private\Problem_1268.cpp">
      <Filter>01. Solved\1000</Filter>
    </ClCompile>
    <ClCompile Include="..\Private\Problem_1526.cpp">
      <Filter>01. Solved\1000</Filter>
    </ClCompile>
    <ClCompile Include="..\Private\Problem_1620.cpp">
      <Filter>01. Solved\1000</Filter>
    </ClCompile>
    <ClCompile Include="..\Private\Problem_1764.cpp">
      <Filter>01. Solved\1000</Filter>
    </ClCompile>
    <ClCompile Include="..\Private\Problem_2456.cpp">
      <Filter>01. Solved\2000</Filter>
    </ClCompile>
    <ClCompile Include="..\Private\Problem_2776.cpp">
      <Filter>01. Solved\2000</Filter>
    </ClCompile>
    <ClCompile Include="..\Private\Problem_7785.cpp">
      <Filter>01. Solved\7000</Filter>
    </ClCompile>
    <ClCompile Include="Problem_17219.cpp">
      <Filter>01. Solved\17000</Filter>
    </ClCompile>
    <ClCompile Include="..\Private\Problem_1475.cpp">
      <Filter>01. Solved\1000</Filter>
    </ClCompile>
    <ClCompile Include="..\Private\Problem_25206.cpp">
      <Filter>01. Solved\25000</Filter>
    </ClCompile>
    <ClCompile Include="..\Private\Problem_2747.cpp">
      <Filter>01. Solved\2000</Filter>
    </ClCompile>
    <ClCompile Include="..\Private\Problem_2748.cpp">
      <Filter>01. Solved\2000</Filter>
    </ClCompile>
    <ClCompile Include="..\Private\Problem_10826.cpp">
      <Filter>01. Solved\10000</Filter>
    </ClCompile>
    <ClCompile Include="..\Private\Problem_10870.cpp">
      <Filter>01. Solved\10000</Filter>
    </ClCompile>
    <ClCompile Include="..\Private\Problem_2596.cpp">
      <Filter>01. Solved\2000</Filter>
    </ClCompile>
    <ClCompile Include="..\Private\Problem_9655.cpp">
      <Filter>01. Solved\9000</Filter>
    </ClCompile>
    <ClCompile Include="..\Private\Problem_1550.cpp">
      <Filter>01. Solved\1000</Filter>
    </ClCompile>
    <ClCompile Include="..\Private\Problem_7568.cpp">
      <Filter>01. Solved\7000</Filter>
    </ClCompile>
    <ClCompile Include="..\Private\Problem_1769.cpp">
      <Filter>01. Solved\1000</Filter>
    </ClCompile>
    <ClCompile Include="..\Private\Problem_2930.cpp">
      <Filter>01. Solved\2000</Filter>
    </ClCompile>
    <ClCompile Include="..\Private\Problem_1076.cpp">
      <Filter>01. Solved\1000</Filter>
    </ClCompile>
    <ClCompile Include="..\Private\Problem_4158.cpp">
      <Filter>01. Solved\4000</Filter>
    </ClCompile>
    <ClCompile Include="..\Private\Problem_9656.cpp">
      <Filter>01. Solved\9000</Filter>
    </ClCompile>
    <ClCompile Include="..\Private\Problem_18115.cpp">
      <Filter>01. Solved\18000</Filter>
    </ClCompile>
    <ClCompile Include="..\Private\Problem_11050.cpp">
      <Filter>01. Solved\11000</Filter>
    </ClCompile>
    <ClCompile Include="..\Private\Problem_1018.cpp">
      <Filter>01. Solved\1000</Filter>
    </ClCompile>
    <ClCompile Include="..\Private\Problem_1003.cpp">
      <Filter>01. Solved\1000</Filter>
    </ClCompile>
    <ClCompile Include="..\Private\Problem_1463.cpp">
      <Filter>01. Solved\1000</Filter>
    </ClCompile>
    <ClCompile Include="..\Private\Problem_2579.cpp">
      <Filter>01. Solved\2000</Filter>
    </ClCompile>
    <ClCompile Include="..\Private\Problem_9095.cpp">
      <Filter>01. Solved\9000</Filter>
    </ClCompile>
    <ClCompile Include="..\Private\Problem_14916.cpp">
      <Filter>01. Solved\14000</Filter>
    </ClCompile>
    <ClCompile Include="..\Private\Problem_13699.cpp">
      <Filter>01. Solved\13000</Filter>
    </ClCompile>
    <ClCompile Include="..\Private\Problem_14495.cpp">
      <Filter>01. Solved\14000</Filter>
    </ClCompile>
    <ClCompile Include="..\Private\Problem_5337.cpp">
      <Filter>01. Solved\5000</Filter>
    </ClCompile>
    <ClCompile Include="..\Private\Problem_9461.cpp">
      <Filter>01. Solved\9000</Filter>
    </ClCompile>
    <ClCompile Include="..\Private\Problem_5341.cpp">
      <Filter>01. Solved\5000</Filter>
    </ClCompile>
  </ItemGroup>
  <ItemGroup>
    <ClInclude Include="..\Public\Baekjoon_Define.h">
      <Filter>99. Header</Filter>
    </ClInclude>
    <ClInclude Include="..\Public\Problem_1009.h">
      <Filter>01. Solved\1000</Filter>
    </ClInclude>
    <ClInclude Include="..\Public\Problem_1094.h">
      <Filter>01. Solved\1000</Filter>
    </ClInclude>
    <ClInclude Include="..\Public\Problem_1236.h">
      <Filter>01. Solved\1000</Filter>
    </ClInclude>
    <ClInclude Include="..\Public\Problem_1251.h">
      <Filter>01. Solved\1000</Filter>
    </ClInclude>
    <ClInclude Include="..\Public\Problem_1268.h">
      <Filter>01. Solved\1000</Filter>
    </ClInclude>
    <ClInclude Include="..\Public\Problem_1526.h">
      <Filter>01. Solved\1000</Filter>
    </ClInclude>
    <ClInclude Include="..\Public\Problem_1620.h">
      <Filter>01. Solved\1000</Filter>
    </ClInclude>
    <ClInclude Include="..\Public\Problem_1764.h">
      <Filter>01. Solved\1000</Filter>
    </ClInclude>
    <ClInclude Include="..\Public\Problem_2776.h">
      <Filter>01. Solved\2000</Filter>
    </ClInclude>
    <ClInclude Include="..\Public\Problem_2456.h">
      <Filter>01. Solved\2000</Filter>
    </ClInclude>
    <ClInclude Include="..\Public\Problem_7785.h">
      <Filter>01. Solved\7000</Filter>
    </ClInclude>
    <ClInclude Include="Problem_17219.h">
      <Filter>01. Solved\17000</Filter>
    </ClInclude>
    <ClInclude Include="..\Public\Problem_1475.h">
      <Filter>01. Solved\1000</Filter>
    </ClInclude>
    <ClInclude Include="..\Public\Problem_25206.h">
      <Filter>01. Solved\25000</Filter>
    </ClInclude>
    <ClInclude Include="..\Public\Problem_2747.h">
      <Filter>01. Solved\2000</Filter>
    </ClInclude>
    <ClInclude Include="..\Public\Problem_2748.h">
      <Filter>01. Solved\2000</Filter>
    </ClInclude>
    <ClInclude Include="..\Public\Problem_10826.h">
      <Filter>01. Solved\10000</Filter>
    </ClInclude>
    <ClInclude Include="..\Public\Problem_10870.h">
      <Filter>01. Solved\10000</Filter>
    </ClInclude>
    <ClInclude Include="..\Public\Problem_2596.h">
      <Filter>01. Solved\2000</Filter>
    </ClInclude>
    <ClInclude Include="..\Public\Problem_9655.h">
      <Filter>01. Solved\9000</Filter>
    </ClInclude>
    <ClInclude Include="..\Public\Problem_1550.h">
      <Filter>01. Solved\1000</Filter>
    </ClInclude>
    <ClInclude Include="..\Public\Problem_7568.h">
      <Filter>01. Solved\7000</Filter>
    </ClInclude>
    <ClInclude Include="..\Public\Problem_1769.h">
      <Filter>01. Solved\1000</Filter>
    </ClInclude>
    <ClInclude Include="..\Public\Problem_2930.h">
      <Filter>01. Solved\2000</Filter>
    </ClInclude>
    <ClInclude Include="..\Public\Problem_1076.h">
      <Filter>01. Solved\1000</Filter>
    </ClInclude>
    <ClInclude Include="..\Public\Problem_4158.h">
      <Filter>01. Solved\4000</Filter>
    </ClInclude>
    <ClInclude Include="..\Public\Problem_9656.h">
      <Filter>01. Solved\9000</Filter>
    </ClInclude>
    <ClInclude Include="..\Public\Problem_18115.h">
      <Filter>01. Solved\18000</Filter>
    </ClInclude>
    <ClInclude Include="..\Public\Problem_11050.h">
      <Filter>01. Solved\11000</Filter>
    </ClInclude>
    <ClInclude Include="..\Public\Problem_1018.h">
      <Filter>01. Solved\1000</Filter>
    </ClInclude>
    <ClInclude Include="..\Public\Problem_1003.h">
      <Filter>01. Solved\1000</Filter>
    </ClInclude>
    <ClInclude Include="..\Public\Problem_1463.h">
      <Filter>01. Solved\1000</Filter>
    </ClInclude>
    <ClInclude Include="..\Public\Problem_2579.h">
      <Filter>01. Solved\2000</Filter>
    </ClInclude>
    <ClInclude Include="..\Public\Problem_9095.h">
      <Filter>01. Solved\9000</Filter>
    </ClInclude>
    <ClInclude Include="..\Public\Problem_14916.h">
      <Filter>01. Solved\14000</Filter>
    </ClInclude>
    <ClInclude Include="..\Public\Problem_13699.h">
      <Filter>01. Solved\13000</Filter>
    </ClInclude>
    <ClInclude Include="..\Public\Problem_14495.h">
      <Filter>01. Solved\14000</Filter>
    </ClInclude>
    <ClInclude Include="..\Public\Problem_5337.h">
      <Filter>01. Solved\5000</Filter>
    </ClInclude>
    <ClInclude Include="..\Public\Problem_9461.h">
      <Filter>01. Solved\9000</Filter>
    </ClInclude>
    <ClInclude Include="..\Public\Problem_5341.h">
      <Filter>01. Solved\5000</Filter>
    </ClInclude>
  </ItemGroup>
</Project>